{
	"name": "subscription-demo",
	"version": "1.0.0",
	"lockfileVersion": 1,
	"dependencies": {
		"asn1": {
			"version": "http://registry.npmjs.org/asn1/-/asn1-0.1.11.tgz",
			"integrity": "sha1-VZvhg3bQik7E2+gId9J4GGObLfc="
		},
		"assert-plus": {
			"version": "http://registry.npmjs.org/assert-plus/-/assert-plus-0.1.5.tgz",
			"integrity": "sha1-7nQAlBMALYTOxyGcasgRgS5yMWA="
		},
		"backoff": {
			"version": "http://registry.npmjs.org/backoff/-/backoff-2.4.1.tgz",
			"integrity": "sha1-L2jFDg3Xidvv4kIApi77BNJFbWg="
		},
		"balanced-match": {
			"version": "http://registry.npmjs.org/balanced-match/-/balanced-match-0.3.0.tgz",
			"integrity": "sha1-qRzdHr7xqGZZ5w/03vAWJfwtZ1Y=",
			"optional": true
		},
		"brace-expansion": {
			"version": "http://registry.npmjs.org/brace-expansion/-/brace-expansion-1.1.2.tgz",
			"integrity": "sha1-8hRF0EiLZY4nce/YcO/1HfKfBO8=",
			"optional": true
		},
		"bunyan": {
			"version": "http://registry.npmjs.org/bunyan/-/bunyan-1.5.1.tgz",
			"integrity": "sha1-X259RMQ7lS9WsPQTCeOrEjkbTi0="
		},
		"commander": {
			"version": "http://registry.npmjs.org/commander/-/commander-2.3.0.tgz",
			"integrity": "sha1-/UMOiJgy7DU7ms0d4hfBHLPu+HM=",
			"dev": true
		},
		"concat-map": {
			"version": "http://registry.npmjs.org/concat-map/-/concat-map-0.0.1.tgz",
			"integrity": "sha1-2Klr13/Wjfd5OnMDajug1UBdR3s=",
			"optional": true
		},
		"csv": {
			"version": "http://registry.npmjs.org/csv/-/csv-0.4.6.tgz",
			"integrity": "sha1-jbrn3f26rmLB6ph8Pg+Kmsc3tz0="
		},
		"csv-generate": {
			"version": "http://registry.npmjs.org/csv-generate/-/csv-generate-0.0.6.tgz",
			"integrity": "sha1-l+TmOuRrIZEs2UdbwxRp0m9a3mY="
		},
		"csv-parse": {
			"version": "http://registry.npmjs.org/csv-parse/-/csv-parse-1.0.1.tgz",
			"integrity": "sha1-vPW67wa+W1euNbFKE7Y1RMlyBqY="
		},
		"csv-stringify": {
			"version": "http://registry.npmjs.org/csv-stringify/-/csv-stringify-0.0.8.tgz",
			"integrity": "sha1-Usw7PfwZd1jFWtMlqVvoUHH55Rs="
		},
		"ctype": {
			"version": "http://registry.npmjs.org/ctype/-/ctype-0.5.3.tgz",
			"integrity": "sha1-gsGMJGH3QRTvFsE1IkrQuRRMoS8="
		},
		"debug": {
			"version": "http://registry.npmjs.org/debug/-/debug-2.2.0.tgz",
			"integrity": "sha1-+HBX6ZWxofauaklgZkE3vFbwOdo=",
			"dev": true
		},
		"diff": {
			"version": "http://registry.npmjs.org/diff/-/diff-1.4.0.tgz",
			"integrity": "sha1-fyjS657nsVqX79ic5j3P2qPMur8=",
			"dev": true
		},
		"dtrace-provider": {
			"version": "http://registry.npmjs.org/dtrace-provider/-/dtrace-provider-0.6.0.tgz",
			"integrity": "sha1-CweNVReTfYcxAUUtkUZzdVe3XlE=",
			"optional": true
		},
		"escape-regexp-component": {
			"version": "http://registry.npmjs.org/escape-regexp-component/-/escape-regexp-component-1.0.2.tgz",
			"integrity": "sha1-nGO20LJf8qiMOtvRjFthrMO5+qI="
		},
		"escape-string-regexp": {
			"version": "http://registry.npmjs.org/escape-string-regexp/-/escape-string-regexp-1.0.2.tgz",
			"integrity": "sha1-Tbwv5nTnGUnK8/smlc5/LcHZqNE=",
			"dev": true
		},
		"extsprintf": {
			"version": "http://registry.npmjs.org/extsprintf/-/extsprintf-1.2.0.tgz",
			"integrity": "sha1-WtlGwi9bMrp/jNdCZxHG6KP8JSk="
		},
		"formidable": {
			"version": "http://registry.npmjs.org/formidable/-/formidable-1.0.17.tgz",
			"integrity": "sha1-71SRSQ+UM7cF+qdyScmQKa40hVk="
		},
		"glob": {
			"version": "http://registry.npmjs.org/glob/-/glob-5.0.15.tgz",
			"integrity": "sha1-G8k2ueAvSmA/zCIuz3Yz0wuLk7E=",
			"optional": true
		},
		"graceful-fs": {
			"version": "http://registry.npmjs.org/graceful-fs/-/graceful-fs-2.0.3.tgz",
			"integrity": "sha1-fNLNsiiko/Nule+mzBQt59GhNtA=",
			"dev": true
		},
		"growl": {
			"version": "http://registry.npmjs.org/growl/-/growl-1.8.1.tgz",
			"integrity": "sha1-Sy3sjZB+k9szZiTc7AGDUC+MlCg=",
			"dev": true
		},
		"http-signature": {
			"version": "http://registry.npmjs.org/http-signature/-/http-signature-0.11.0.tgz",
			"integrity": "sha1-F5bPZ6ABrVzWhJ3KCZFIXwkIn+Y="
		},
		"inflight": {
			"version": "http://registry.npmjs.org/inflight/-/inflight-1.0.4.tgz",
			"integrity": "sha1-bLtFIevVHODsCpNr/XZX736bFyo=",
			"optional": true
		},
		"inherits": {
			"version": "http://registry.npmjs.org/inherits/-/inherits-2.0.1.tgz",
			"integrity": "sha1-sX0I0ya0Qj5Wjv9xn5GwscvfafE="
		},
		"jade": {
			"version": "http://registry.npmjs.org/jade/-/jade-0.26.3.tgz",
			"integrity": "sha1-jxDXl32NefL2/4YqgbBRPMslaGw=",
			"dev": true,
			"dependencies": {
				"commander": {
					"version": "http://registry.npmjs.org/commander/-/commander-0.6.1.tgz",
					"integrity": "sha1-+mihT2qUXVTbvlDYzbMyDp47GgY=",
					"dev": true
				},
				"mkdirp": {
					"version": "http://registry.npmjs.org/mkdirp/-/mkdirp-0.3.0.tgz",
					"integrity": "sha1-G79asbqCevI1dRQ0kEJkVfSB/h4=",
					"dev": true
				}
			}
		},
		"keep-alive-agent": {
			"version": "http://registry.npmjs.org/keep-alive-agent/-/keep-alive-agent-0.0.1.tgz",
			"integrity": "sha1-RIR8o5TOjWtSGuhYFr1kUJlCs4U="
		},
		"lru-cache": {
			"version": "http://registry.npmjs.org/lru-cache/-/lru-cache-2.7.3.tgz",
			"integrity": "sha1-bUUk6LlV+V1PW1iFHOId1y+06VI="
		},
		"mime": {
			"version": "http://registry.npmjs.org/mime/-/mime-1.3.4.tgz",
			"integrity": "sha1-EV+eO2s9rylZmDyzjxSaLUDrXVM="
		},
		"minimatch": {
			"version": "http://registry.npmjs.org/minimatch/-/minimatch-3.0.0.tgz",
			"integrity": "sha1-UjYVelHk8ATBd/s8Un/33Xjw74M=",
			"optional": true
		},
		"minimist": {
			"version": "http://registry.npmjs.org/minimist/-/minimist-1.2.0.tgz",
			"integrity": "sha1-o1AIsg9BOD7sH7kU9M1d95omQoQ="
		},
		"mkdirp": {
			"version": "http://registry.npmjs.org/mkdirp/-/mkdirp-0.5.1.tgz",
			"integrity": "sha1-MAV0OOrGz3+MR2fzhkjWaX11yQM=",
			"optional": true,
			"dependencies": {
				"minimist": {
					"version": "http://registry.npmjs.org/minimist/-/minimist-0.0.8.tgz",
					"integrity": "sha1-hX/Kv8M5fSYluCKCYuhqp6ARsF0=",
					"optional": true
				}
			}
		},
		"mocha": {
			"version": "http://registry.npmjs.org/mocha/-/mocha-2.3.4.tgz",
			"integrity": "sha1-himm+wRPLSJapLgaKuLQAWmesmY=",
			"dev": true,
			"dependencies": {
				"glob": {
					"version": "http://registry.npmjs.org/glob/-/glob-3.2.3.tgz",
					"integrity": "sha1-4xPusknHr/qlxHUoaw4RW1mDlGc=",
					"dev": true
				},
				"minimatch": {
					"version": "http://registry.npmjs.org/minimatch/-/minimatch-0.2.14.tgz",
					"integrity": "sha1-x054BXT2PG+aCQ6Q775u9TpqdWo=",
					"dev": true
				},
				"minimist": {
					"version": "http://registry.npmjs.org/minimist/-/minimist-0.0.8.tgz",
					"integrity": "sha1-hX/Kv8M5fSYluCKCYuhqp6ARsF0=",
					"dev": true
				},
				"mkdirp": {
					"version": "http://registry.npmjs.org/mkdirp/-/mkdirp-0.5.0.tgz",
					"integrity": "sha1-HXMHam35hs2TROFecfzAWkyavxI=",
					"dev": true
				}
			}
		},
		"ms": {
			"version": "http://registry.npmjs.org/ms/-/ms-0.7.1.tgz",
			"integrity": "sha1-nNE8A62/8ltl7/3nzoZO6VIBcJg=",
			"dev": true
		},
		"mv": {
			"version": "http://registry.npmjs.org/mv/-/mv-2.1.1.tgz",
			"integrity": "sha1-rmzg1vbV4KT32JN5jQPB6pVZtqI=",
			"optional": true
		},
		"nan": {
			"version": "http://registry.npmjs.org/nan/-/nan-2.1.0.tgz",
			"integrity": "sha1-Agp8ztxj/e6F+Fln1WB4SedKu+g=",
			"optional": true
		},
		"ncp": {
			"version": "http://registry.npmjs.org/ncp/-/ncp-2.0.0.tgz",
			"integrity": "sha1-GVoh1sRuNh0vsSgbo4uR6d9727M=",
			"optional": true
		},
		"negotiator": {
			"version": "http://registry.npmjs.org/negotiator/-/negotiator-0.5.3.tgz",
			"integrity": "sha1-Jp1cR2gQ7JLtvntsLygxY4T5p+g="
		},
		"node-uuid": {
			"version": "http://registry.npmjs.org/node-uuid/-/node-uuid-1.4.7.tgz",
			"integrity": "sha1-baWhdmjEs91ZYjvaEc9/pMH2Cm8="
		},
		"once": {
			"version": "http://registry.npmjs.org/once/-/once-1.3.3.tgz",
			"integrity": "sha1-suJhVXzkwxTsgwTz+oJmPkKXyiA="
		},
		"path-is-absolute": {
			"version": "http://registry.npmjs.org/path-is-absolute/-/path-is-absolute-1.0.0.tgz",
			"integrity": "sha1-Jj2tpmqz8vsQv3+dJN2PPlcO+RI=",
			"optional": true
		},
		"precond": {
			"version": "http://registry.npmjs.org/precond/-/precond-0.2.3.tgz",
			"integrity": "sha1-qpWRvKokkj8eD0hJ0kD0fvwQdaw="
		},
		"qs": {
			"version": "http://registry.npmjs.org/qs/-/qs-3.1.0.tgz",
			"integrity": "sha1-0OmudFIzoS3EP7TzBVu6RGJhFTw="
		},
		"restify": {
			"version": "http://registry.npmjs.org/restify/-/restify-4.0.3.tgz",
			"integrity": "sha1-4eW3rZ1PaurNIOKPRKBF8mwUbbw="
		},
		"rimraf": {
			"version": "http://registry.npmjs.org/rimraf/-/rimraf-2.4.4.tgz",
			"integrity": "sha1-tSjOLr4ObYn7A7Jl3hHWHaDbz4I=",
			"optional": true
		},
		"safe-json-stringify": {
			"version": "http://registry.npmjs.org/safe-json-stringify/-/safe-json-stringify-1.0.3.tgz",
			"integrity": "sha1-PLZxdmCghtB8tb2bemh1vPZ70F4=",
			"optional": true
		},
		"semver": {
			"version": "http://registry.npmjs.org/semver/-/semver-4.3.6.tgz",
			"integrity": "sha1-MAvG4OhjdPe6YQaLWx7NV/xlMto="
		},
		"should": {
			"version": "http://registry.npmjs.org/should/-/should-8.0.2.tgz",
			"integrity": "sha1-2UvEWazsiCMLK8c2GtA6s4eyM8Y=",
			"dev": true
		},
		"should-equal": {
			"version": "http://registry.npmjs.org/should-equal/-/should-equal-0.6.0.tgz",
			"integrity": "sha1-W0cDA6iPW5YKfRCRciS0VU2rRww=",
			"dev": true
		},
		"should-format": {
			"version": "http://registry.npmjs.org/should-format/-/should-format-0.3.2.tgz",
			"integrity": "sha1-pZgx4Bot3uFJkRvHFIvlyAMZ4f8=",
			"dev": true
		},
		"should-type": {
			"version": "http://registry.npmjs.org/should-type/-/should-type-0.2.0.tgz",
			"integrity": "sha1-ZwfvlVKdmJ3MCY/gdTqx+RNrt/Y=",
			"dev": true
		},
		"sigmund": {
			"version": "http://registry.npmjs.org/sigmund/-/sigmund-1.0.1.tgz",
			"integrity": "sha1-P/IfGYytIXX587eBhT/ZTQ0ZtZA=",
			"dev": true
		},
		"spdy": {
			"version": "http://registry.npmjs.org/spdy/-/spdy-1.32.5.tgz",
			"integrity": "sha1-cO/yPN5Ol9UqRF9lr93MVpXrXts="
		},
		"stream-transform": {
			"version": "http://registry.npmjs.org/stream-transform/-/stream-transform-0.1.1.tgz",
			"integrity": "sha1-ClSiuB7qiNpVpQ3yRBy2PtwQHHE="
		},
		"supports-color": {
			"version": "http://registry.npmjs.org/supports-color/-/supports-color-1.2.0.tgz",
			"integrity": "sha1-/x7R5hFp0Gs88tWI4YixjYhH4X4=",
			"dev": true
		},
		"tunnel-agent": {
			"version": "http://registry.npmjs.org/tunnel-agent/-/tunnel-agent-0.4.2.tgz",
			"integrity": "sha1-EQTj82rIcSXChycAZ9WC0YEzv+4="
		},
		"vasync": {
			"version": "http://registry.npmjs.org/vasync/-/vasync-1.6.3.tgz",
			"integrity": "sha1-SmnXBSpH9M6FUD12Qd8cv0BDKpQ="
		},
		"verror": {
			"version": "http://registry.npmjs.org/verror/-/verror-1.6.0.tgz",
			"integrity": "sha1-fROyex+swuLakEBetepuW90lLqU="
		},
		"wrappy": {
			"version": "http://registry.npmjs.org/wrappy/-/wrappy-1.0.1.tgz",
			"integrity": "sha1-HmWWmWXMvC20VIxrhKbyxa7dRzk="
		}
	}
}
